
Microsoft Visual Studio Solution File, Format Version 12.00
# Visual Studio Version 17
VisualStudioVersion = 17.4.33122.133
MinimumVisualStudioVersion = 10.0.40219.1
Project("{9A19103F-16F7-4668-BE54-9A1E7A4F7556}") = "BulkBookWebApp", "BulkBookWebApp\BulkBookWebApp.csproj", "{FF458E9B-8871-4ECB-B58A-8D45E726281D}"
EndProject
Project("{9A19103F-16F7-4668-BE54-9A1E7A4F7556}") = "BulkBook.Models", "BulkBook.Models\BulkBook.Models.csproj", "{1D84AB05-53C4-4A7B-93A7-D24844687CBA}"
EndProject
Project("{9A19103F-16F7-4668-BE54-9A1E7A4F7556}") = "BulkBook.DataAccessLayer", "BulkBook.DataAccessLayer\BulkBook.DataAccessLayer.csproj", "{64222BD4-953E-48E4-ACCC-38C5DBDAB3F9}"
EndProject
Project("{FAE04EC0-301F-11D3-BF4B-00C04F79EFBC}") = "BulkBook.CommonHelper", "BulkBook.CommonHelper\BulkBook.CommonHelper.csproj", "{4E703FD8-B2A1-4C93-AEE0-C1A21D980397}"
EndProject
Global
	GlobalSection(SolutionConfigurationPlatforms) = preSolution
		Debug|Any CPU = Debug|Any CPU
		Release|Any CPU = Release|Any CPU
	EndGlobalSection
	GlobalSection(ProjectConfigurationPlatforms) = postSolution
		{FF458E9B-8871-4ECB-B58A-8D45E726281D}.Debug|Any CPU.ActiveCfg = Debug|Any CPU
		{FF458E9B-8871-4ECB-B58A-8D45E726281D}.Debug|Any CPU.Build.0 = Debug|Any CPU
		{FF458E9B-8871-4ECB-B58A-8D45E726281D}.Release|Any CPU.ActiveCfg = Release|Any CPU
		{FF458E9B-8871-4ECB-B58A-8D45E726281D}.Release|Any CPU.Build.0 = Release|Any CPU
		{1D84AB05-53C4-4A7B-93A7-D24844687CBA}.Debug|Any CPU.ActiveCfg = Debug|Any CPU
		{1D84AB05-53C4-4A7B-93A7-D24844687CBA}.Debug|Any CPU.Build.0 = Debug|Any CPU
		{1D84AB05-53C4-4A7B-93A7-D24844687CBA}.Release|Any CPU.ActiveCfg = Release|Any CPU
		{1D84AB05-53C4-4A7B-93A7-D24844687CBA}.Release|Any CPU.Build.0 = Release|Any CPU
		{64222BD4-953E-48E4-ACCC-38C5DBDAB3F9}.Debug|Any CPU.ActiveCfg = Debug|Any CPU
		{64222BD4-953E-48E4-ACCC-38C5DBDAB3F9}.Debug|Any CPU.Build.0 = Debug|Any CPU
		{64222BD4-953E-48E4-ACCC-38C5DBDAB3F9}.Release|Any CPU.ActiveCfg = Release|Any CPU
		{64222BD4-953E-48E4-ACCC-38C5DBDAB3F9}.Release|Any CPU.Build.0 = Release|Any CPU
		{4E703FD8-B2A1-4C93-AEE0-C1A21D980397}.Debug|Any CPU.ActiveCfg = Debug|Any CPU
		{4E703FD8-B2A1-4C93-AEE0-C1A21D980397}.Debug|Any CPU.Build.0 = Debug|Any CPU
		{4E703FD8-B2A1-4C93-AEE0-C1A21D980397}.Release|Any CPU.ActiveCfg = Release|Any CPU
		{4E703FD8-B2A1-4C93-AEE0-C1A21D980397}.Release|Any CPU.Build.0 = Release|Any CPU
	EndGlobalSection
	GlobalSection(SolutionProperties) = preSolution
		HideSolutionNode = FALSE
	EndGlobalSection
	GlobalSection(ExtensibilityGlobals) = postSolution
		SolutionGuid = {46303141-F4EF-45F2-812D-E3ABF56BDF0A}
	EndGlobalSection
EndGlobal
